
Microsoft Visual Studio Solution File, Format Version 12.00
# Visual Studio Version 17
VisualStudioVersion = 17.13.35825.156 d17.13
MinimumVisualStudioVersion = 10.0.40219.1
Project("{54A90642-561A-4BB1-A94E-469ADEE60C69}") = "l00188315_project.client", "l00188315_project.client\l00188315_project.client.esproj", "{EEEC27FA-39E3-3548-8137-3468F5E1EEE2}"
EndProject
Project("{FAE04EC0-301F-11D3-BF4B-00C04F79EFBC}") = "L00188315_Project.Server", "L00188315_Project.Server\L00188315_Project.Server.csproj", "{DEBAE20B-C321-460A-84EC-F5AE354F6AED}"
EndProject
Global
	GlobalSection(SolutionConfigurationPlatforms) = preSolution
		Debug|Any CPU = Debug|Any CPU
		Release|Any CPU = Release|Any CPU
	EndGlobalSection
	GlobalSection(ProjectConfigurationPlatforms) = postSolution
		{EEEC27FA-39E3-3548-8137-3468F5E1EEE2}.Debug|Any CPU.ActiveCfg = Debug|Any CPU
		{EEEC27FA-39E3-3548-8137-3468F5E1EEE2}.Debug|Any CPU.Build.0 = Debug|Any CPU
		{EEEC27FA-39E3-3548-8137-3468F5E1EEE2}.Debug|Any CPU.Deploy.0 = Debug|Any CPU
		{EEEC27FA-39E3-3548-8137-3468F5E1EEE2}.Release|Any CPU.ActiveCfg = Release|Any CPU
		{EEEC27FA-39E3-3548-8137-3468F5E1EEE2}.Release|Any CPU.Build.0 = Release|Any CPU
		{EEEC27FA-39E3-3548-8137-3468F5E1EEE2}.Release|Any CPU.Deploy.0 = Release|Any CPU
		{DEBAE20B-C321-460A-84EC-F5AE354F6AED}.Debug|Any CPU.ActiveCfg = Debug|Any CPU
		{DEBAE20B-C321-460A-84EC-F5AE354F6AED}.Debug|Any CPU.Build.0 = Debug|Any CPU
		{DEBAE20B-C321-460A-84EC-F5AE354F6AED}.Release|Any CPU.ActiveCfg = Release|Any CPU
		{DEBAE20B-C321-460A-84EC-F5AE354F6AED}.Release|Any CPU.Build.0 = Release|Any CPU
	EndGlobalSection
	GlobalSection(SolutionProperties) = preSolution
		HideSolutionNode = FALSE
	EndGlobalSection
	GlobalSection(ExtensibilityGlobals) = postSolution
		SolutionGuid = {39CA4974-7245-4896-80B3-8AEA70257E00}
	EndGlobalSection
EndGlobal
